
Microsoft Visual Studio Solution File, Format Version 12.00
# Visual Studio Version 17
VisualStudioVersion = 17.1.32328.378
MinimumVisualStudioVersion = 10.0.40219.1
Project("{FAE04EC0-301F-11D3-BF4B-00C04F79EFBC}") = "EntityFramework.Part2", "EntityFramework.Part2.csproj", "{551154B0-D904-44E4-A595-4D818216D33C}"
EndProject
Global
	GlobalSection(SolutionConfigurationPlatforms) = preSolution
		Debug|Any CPU = Debug|Any CPU
		Release|Any CPU = Release|Any CPU
	EndGlobalSection
	GlobalSection(ProjectConfigurationPlatforms) = postSolution
		{551154B0-D904-44E4-A595-4D818216D33C}.Debug|Any CPU.ActiveCfg = Debug|Any CPU
		{551154B0-D904-44E4-A595-4D818216D33C}.Debug|Any CPU.Build.0 = Debug|Any CPU
		{551154B0-D904-44E4-A595-4D818216D33C}.Release|Any CPU.ActiveCfg = Release|Any CPU
		{551154B0-D904-44E4-A595-4D818216D33C}.Release|Any CPU.Build.0 = Release|Any CPU
	EndGlobalSection
	GlobalSection(SolutionProperties) = preSolution
		HideSolutionNode = FALSE
	EndGlobalSection
	GlobalSection(ExtensibilityGlobals) = postSolution
		SolutionGuid = {98EE49D9-9AE7-4446-ABE3-7B80DA6BC53D}
	EndGlobalSection
EndGlobal
